
Microsoft Visual Studio Solution File, Format Version 12.00
# Visual Studio Version 17
VisualStudioVersion = 17.14.36518.9 d17.14
MinimumVisualStudioVersion = 10.0.40219.1
Project("{FAE04EC0-301F-11D3-BF4B-00C04F79EFBC}") = "ExtraerDatosFacturasXML", "ExtraerDatosFacturasXML\ExtraerDatosFacturasXML.csproj", "{2B447A8C-E459-42F8-9F92-5EF03AADF086}"
EndProject
Global
	GlobalSection(SolutionConfigurationPlatforms) = preSolution
		Debug|Any CPU = Debug|Any CPU
		Release|Any CPU = Release|Any CPU
	EndGlobalSection
	GlobalSection(ProjectConfigurationPlatforms) = postSolution
		{2B447A8C-E459-42F8-9F92-5EF03AADF086}.Debug|Any CPU.ActiveCfg = Debug|Any CPU
		{2B447A8C-E459-42F8-9F92-5EF03AADF086}.Debug|Any CPU.Build.0 = Debug|Any CPU
		{2B447A8C-E459-42F8-9F92-5EF03AADF086}.Release|Any CPU.ActiveCfg = Release|Any CPU
		{2B447A8C-E459-42F8-9F92-5EF03AADF086}.Release|Any CPU.Build.0 = Release|Any CPU
	EndGlobalSection
	GlobalSection(SolutionProperties) = preSolution
		HideSolutionNode = FALSE
	EndGlobalSection
	GlobalSection(ExtensibilityGlobals) = postSolution
		SolutionGuid = {0718493B-D4C3-4303-88A8-08F49091E59F}
	EndGlobalSection
EndGlobal
